<Solution>
  <Folder Name="/Solution Items/">
    <File Path="DataBaseTasks/AirlineInformationSystem.jpg" />
    <File Path="DataBaseTasks/CollegeManagementSystem (1).jpg" />
    <File Path="DataBaseTasks/CollegeManagementSystem.jpg" />
    <File Path="DataBaseTasks/Company Database.jpg" />
  </Folder>
</Solution>
