<Solution>
  <Folder Name="/Solution Items/">
    <File Path="DataBaseTasks/AirlineInformationSystem.jpg" />
    <File Path="DataBaseTasks/CollegeManagementSystem (1).jpg" />
    <File Path="DataBaseTasks/CollegeManagementSystem.jpg" />
    <File Path="DataBaseTasks/Company Database.jpg" />
    <File Path="E-Commerce Database/ERD.drawio.jpg" />
    <File Path="E-Commerce Database/Mapping.jpg" />
  </Folder>
  <Project Path="EFCoreProject/EFCoreProject.csproj" Id="a0480db1-4da3-4abc-ad7c-7c0279976b98" />
</Solution>
